
Microsoft Visual Studio Solution File, Format Version 12.00
# Visual Studio 15
VisualStudioVersion = 15.0.26430.16
MinimumVisualStudioVersion = 10.0.40219.1
Project("{9A19103F-16F7-4668-BE54-9A1E7A4F7556}") = "Dice", "Dice\Dice.csproj", "{77D0CB48-6587-4702-B13E-4467B61F0EC3}"
EndProject
Project("{2150E333-8FDC-42A3-9474-1A3956D46DE8}") = "Solution Items", "Solution Items", "{B0008F7D-D36E-47C9-9116-7AD227B43A2F}"
	ProjectSection(SolutionItems) = preProject
		.gitignore = .gitignore
	EndProjectSection
EndProject
Project("{FAE04EC0-301F-11D3-BF4B-00C04F79EFBC}") = "DiceTests", "DiceTests\DiceTests.csproj", "{DD041FB4-D142-46BC-889C-EA8F4701CEC7}"
EndProject
Global
	GlobalSection(SolutionConfigurationPlatforms) = preSolution
		Debug|Any CPU = Debug|Any CPU
		Release|Any CPU = Release|Any CPU
	EndGlobalSection
	GlobalSection(ProjectConfigurationPlatforms) = postSolution
		{77D0CB48-6587-4702-B13E-4467B61F0EC3}.Debug|Any CPU.ActiveCfg = Debug|Any CPU
		{77D0CB48-6587-4702-B13E-4467B61F0EC3}.Debug|Any CPU.Build.0 = Debug|Any CPU
		{77D0CB48-6587-4702-B13E-4467B61F0EC3}.Release|Any CPU.ActiveCfg = Release|Any CPU
		{77D0CB48-6587-4702-B13E-4467B61F0EC3}.Release|Any CPU.Build.0 = Release|Any CPU
		{DD041FB4-D142-46BC-889C-EA8F4701CEC7}.Debug|Any CPU.ActiveCfg = Debug|Any CPU
		{DD041FB4-D142-46BC-889C-EA8F4701CEC7}.Debug|Any CPU.Build.0 = Debug|Any CPU
		{DD041FB4-D142-46BC-889C-EA8F4701CEC7}.Release|Any CPU.ActiveCfg = Release|Any CPU
		{DD041FB4-D142-46BC-889C-EA8F4701CEC7}.Release|Any CPU.Build.0 = Release|Any CPU
	EndGlobalSection
	GlobalSection(SolutionProperties) = preSolution
		HideSolutionNode = FALSE
	EndGlobalSection
EndGlobal
